
Microsoft Visual Studio Solution File, Format Version 12.00
# Visual Studio Version 17
VisualStudioVersion = 17.4.33205.214
MinimumVisualStudioVersion = 10.0.40219.1
Project("{FAE04EC0-301F-11D3-BF4B-00C04F79EFBC}") = "GradePoint", "GradePoint\GradePoint.csproj", "{E11429ED-46A4-411E-80B5-621BAD66CFAB}"
EndProject
Global
	GlobalSection(SolutionConfigurationPlatforms) = preSolution
		Debug|Any CPU = Debug|Any CPU
		Release|Any CPU = Release|Any CPU
	EndGlobalSection
	GlobalSection(ProjectConfigurationPlatforms) = postSolution
		{E11429ED-46A4-411E-80B5-621BAD66CFAB}.Debug|Any CPU.ActiveCfg = Debug|Any CPU
		{E11429ED-46A4-411E-80B5-621BAD66CFAB}.Debug|Any CPU.Build.0 = Debug|Any CPU
		{E11429ED-46A4-411E-80B5-621BAD66CFAB}.Release|Any CPU.ActiveCfg = Release|Any CPU
		{E11429ED-46A4-411E-80B5-621BAD66CFAB}.Release|Any CPU.Build.0 = Release|Any CPU
	EndGlobalSection
	GlobalSection(SolutionProperties) = preSolution
		HideSolutionNode = FALSE
	EndGlobalSection
	GlobalSection(ExtensibilityGlobals) = postSolution
		SolutionGuid = {FA994F4C-D37F-4BCF-A0F9-C26A6347FFB6}
	EndGlobalSection
EndGlobal
